// !$*UTF8*$!
{
	archiveVersion = 1;
	classes = {
	};
	objectVersion = 56;
	objects = {

/* Begin PBXBuildFile section */
		F02B6C8029A3771C0011EFF1 /* LocalState.swift in Sources */ = {isa = PBXBuildFile; fileRef = F02B6C7F29A3771C0011EFF1 /* LocalState.swift */; };
		F07ED323299D26D2001AA57C /* DummyVC.swift in Sources */ = {isa = PBXBuildFile; fileRef = F07ED322299D26D2001AA57C /* DummyVC.swift */; };
		F087ADAE29A3920B00A22643 /* UIViewController+Utils.swift in Sources */ = {isa = PBXBuildFile; fileRef = F087ADAD29A3920B00A22643 /* UIViewController+Utils.swift */; };
		F087ADB129A3938F00A22643 /* MainVC.swift in Sources */ = {isa = PBXBuildFile; fileRef = F087ADB029A3938F00A22643 /* MainVC.swift */; };
		F087ADB429A3B2CE00A22643 /* AccountSummaryVC.swift in Sources */ = {isa = PBXBuildFile; fileRef = F087ADB329A3B2CE00A22643 /* AccountSummaryVC.swift */; };
		F087ADB829A3B80C00A22643 /* AccountSummaryHeaderView.swift in Sources */ = {isa = PBXBuildFile; fileRef = F087ADB729A3B80C00A22643 /* AccountSummaryHeaderView.swift */; };
		F087ADBA29A3B84400A22643 /* AccountSummaryHeaderView.xib in Resources */ = {isa = PBXBuildFile; fileRef = F087ADB929A3B84400A22643 /* AccountSummaryHeaderView.xib */; };
		F09699EE29A7A85800733E2F /* AccountSummaryCell.swift in Sources */ = {isa = PBXBuildFile; fileRef = F09699ED29A7A85800733E2F /* AccountSummaryCell.swift */; };
		F09699F229A7FB6000733E2F /* DecimalUtils.swift in Sources */ = {isa = PBXBuildFile; fileRef = F09699F129A7FB6000733E2F /* DecimalUtils.swift */; };
		F09699F429A7FBA100733E2F /* CurrencyFormatter.swift in Sources */ = {isa = PBXBuildFile; fileRef = F09699F329A7FBA100733E2F /* CurrencyFormatter.swift */; };
		F0BC91152997ACD800340114 /* AppDelegate.swift in Sources */ = {isa = PBXBuildFile; fileRef = F0BC91142997ACD800340114 /* AppDelegate.swift */; };
		F0BC91192997ACD800340114 /* LoginViewController.swift in Sources */ = {isa = PBXBuildFile; fileRef = F0BC91182997ACD800340114 /* LoginViewController.swift */; };
		F0BC911E2997ACD900340114 /* Assets.xcassets in Resources */ = {isa = PBXBuildFile; fileRef = F0BC911D2997ACD900340114 /* Assets.xcassets */; };
		F0BC91212997ACD900340114 /* LaunchScreen.storyboard in Resources */ = {isa = PBXBuildFile; fileRef = F0BC911F2997ACD900340114 /* LaunchScreen.storyboard */; };
		F0BC912C2997B45900340114 /* LoginView.swift in Sources */ = {isa = PBXBuildFile; fileRef = F0BC912B2997B45900340114 /* LoginView.swift */; };
		F0BC9131299A6FC500340114 /* OnboardingContainerVC.swift in Sources */ = {isa = PBXBuildFile; fileRef = F0BC9130299A6FC500340114 /* OnboardingContainerVC.swift */; };
		F0BC9133299BA97900340114 /* OnboardingVC.swift in Sources */ = {isa = PBXBuildFile; fileRef = F0BC9132299BA97900340114 /* OnboardingVC.swift */; };
/* End PBXBuildFile section */

/* Begin PBXFileReference section */
		F02B6C7F29A3771C0011EFF1 /* LocalState.swift */ = {isa = PBXFileReference; lastKnownFileType = sourcecode.swift; path = LocalState.swift; sourceTree = "<group>"; };
		F07ED322299D26D2001AA57C /* DummyVC.swift */ = {isa = PBXFileReference; lastKnownFileType = sourcecode.swift; path = DummyVC.swift; sourceTree = "<group>"; };
		F087ADAD29A3920B00A22643 /* UIViewController+Utils.swift */ = {isa = PBXFileReference; lastKnownFileType = sourcecode.swift; path = "UIViewController+Utils.swift"; sourceTree = "<group>"; };
		F087ADB029A3938F00A22643 /* MainVC.swift */ = {isa = PBXFileReference; lastKnownFileType = sourcecode.swift; path = MainVC.swift; sourceTree = "<group>"; };
		F087ADB329A3B2CE00A22643 /* AccountSummaryVC.swift */ = {isa = PBXFileReference; lastKnownFileType = sourcecode.swift; path = AccountSummaryVC.swift; sourceTree = "<group>"; };
		F087ADB729A3B80C00A22643 /* AccountSummaryHeaderView.swift */ = {isa = PBXFileReference; lastKnownFileType = sourcecode.swift; path = AccountSummaryHeaderView.swift; sourceTree = "<group>"; };
		F087ADB929A3B84400A22643 /* AccountSummaryHeaderView.xib */ = {isa = PBXFileReference; lastKnownFileType = file.xib; path = AccountSummaryHeaderView.xib; sourceTree = "<group>"; };
		F09699ED29A7A85800733E2F /* AccountSummaryCell.swift */ = {isa = PBXFileReference; lastKnownFileType = sourcecode.swift; path = AccountSummaryCell.swift; sourceTree = "<group>"; };
		F09699F129A7FB6000733E2F /* DecimalUtils.swift */ = {isa = PBXFileReference; lastKnownFileType = sourcecode.swift; path = DecimalUtils.swift; sourceTree = "<group>"; };
		F09699F329A7FBA100733E2F /* CurrencyFormatter.swift */ = {isa = PBXFileReference; lastKnownFileType = sourcecode.swift; path = CurrencyFormatter.swift; sourceTree = "<group>"; };
		F0BC91112997ACD800340114 /* Bankey.app */ = {isa = PBXFileReference; explicitFileType = wrapper.application; includeInIndex = 0; path = Bankey.app; sourceTree = BUILT_PRODUCTS_DIR; };
		F0BC91142997ACD800340114 /* AppDelegate.swift */ = {isa = PBXFileReference; lastKnownFileType = sourcecode.swift; path = AppDelegate.swift; sourceTree = "<group>"; };
		F0BC91182997ACD800340114 /* LoginViewController.swift */ = {isa = PBXFileReference; lastKnownFileType = sourcecode.swift; path = LoginViewController.swift; sourceTree = "<group>"; };
		F0BC911D2997ACD900340114 /* Assets.xcassets */ = {isa = PBXFileReference; lastKnownFileType = folder.assetcatalog; path = Assets.xcassets; sourceTree = "<group>"; };
		F0BC91202997ACD900340114 /* Base */ = {isa = PBXFileReference; lastKnownFileType = file.storyboard; name = Base; path = Base.lproj/LaunchScreen.storyboard; sourceTree = "<group>"; };
		F0BC91222997ACD900340114 /* Info.plist */ = {isa = PBXFileReference; lastKnownFileType = text.plist.xml; path = Info.plist; sourceTree = "<group>"; };
		F0BC912B2997B45900340114 /* LoginView.swift */ = {isa = PBXFileReference; lastKnownFileType = sourcecode.swift; path = LoginView.swift; sourceTree = "<group>"; };
		F0BC9130299A6FC500340114 /* OnboardingContainerVC.swift */ = {isa = PBXFileReference; lastKnownFileType = sourcecode.swift; path = OnboardingContainerVC.swift; sourceTree = "<group>"; };
		F0BC9132299BA97900340114 /* OnboardingVC.swift */ = {isa = PBXFileReference; lastKnownFileType = sourcecode.swift; path = OnboardingVC.swift; sourceTree = "<group>"; };
/* End PBXFileReference section */

/* Begin PBXFrameworksBuildPhase section */
		F0BC910E2997ACD800340114 /* Frameworks */ = {
			isa = PBXFrameworksBuildPhase;
			buildActionMask = 2147483647;
			files = (
			);
			runOnlyForDeploymentPostprocessing = 0;
		};
/* End PBXFrameworksBuildPhase section */

/* Begin PBXGroup section */
		F02B6C7E29A377160011EFF1 /* Utils */ = {
			isa = PBXGroup;
			children = (
				F02B6C7F29A3771C0011EFF1 /* LocalState.swift */,
				F087ADAD29A3920B00A22643 /* UIViewController+Utils.swift */,
				F09699F129A7FB6000733E2F /* DecimalUtils.swift */,
				F09699F329A7FBA100733E2F /* CurrencyFormatter.swift */,
			);
			name = Utils;
			sourceTree = "<group>";
		};
		F087ADAF29A3937C00A22643 /* Main */ = {
			isa = PBXGroup;
			children = (
				F087ADB029A3938F00A22643 /* MainVC.swift */,
			);
			name = Main;
			sourceTree = "<group>";
		};
		F087ADB229A3B2BE00A22643 /* AccountSummary */ = {
			isa = PBXGroup;
			children = (
				F087ADB329A3B2CE00A22643 /* AccountSummaryVC.swift */,
				F09699E829A7A81C00733E2F /* Header */,
				F09699E929A7A82100733E2F /* Cells */,
			);
			name = AccountSummary;
			sourceTree = "<group>";
		};
		F09699E829A7A81C00733E2F /* Header */ = {
			isa = PBXGroup;
			children = (
				F09699EA29A7A83500733E2F /* View */,
			);
			name = Header;
			sourceTree = "<group>";
		};
		F09699E929A7A82100733E2F /* Cells */ = {
			isa = PBXGroup;
			children = (
				F09699EF29A7EF3100733E2F /* View */,
			);
			name = Cells;
			sourceTree = "<group>";
		};
		F09699EA29A7A83500733E2F /* View */ = {
			isa = PBXGroup;
			children = (
				F087ADB729A3B80C00A22643 /* AccountSummaryHeaderView.swift */,
				F087ADB929A3B84400A22643 /* AccountSummaryHeaderView.xib */,
			);
			name = View;
			sourceTree = "<group>";
		};
		F09699EF29A7EF3100733E2F /* View */ = {
			isa = PBXGroup;
			children = (
				F09699ED29A7A85800733E2F /* AccountSummaryCell.swift */,
			);
			name = View;
			sourceTree = "<group>";
		};
		F0BC91082997ACD800340114 = {
			isa = PBXGroup;
			children = (
				F0BC91132997ACD800340114 /* Bankey */,
				F0BC91122997ACD800340114 /* Products */,
			);
			sourceTree = "<group>";
		};
		F0BC91122997ACD800340114 /* Products */ = {
			isa = PBXGroup;
			children = (
				F0BC91112997ACD800340114 /* Bankey.app */,
			);
			name = Products;
			sourceTree = "<group>";
		};
		F0BC91132997ACD800340114 /* Bankey */ = {
			isa = PBXGroup;
			children = (
				F0BC91142997ACD800340114 /* AppDelegate.swift */,
				F087ADAF29A3937C00A22643 /* Main */,
				F0BC912F299A6F9800340114 /* Onboarding */,
				F087ADB229A3B2BE00A22643 /* AccountSummary */,
				F0BC912A2997B43100340114 /* Login */,
				F02B6C7E29A377160011EFF1 /* Utils */,
				F0BC91292997B40C00340114 /* Files */,
			);
			path = Bankey;
			sourceTree = "<group>";
		};
		F0BC91292997B40C00340114 /* Files */ = {
			isa = PBXGroup;
			children = (
				F0BC911D2997ACD900340114 /* Assets.xcassets */,
				F0BC911F2997ACD900340114 /* LaunchScreen.storyboard */,
				F0BC91222997ACD900340114 /* Info.plist */,
			);
			name = Files;
			sourceTree = "<group>";
		};
		F0BC912A2997B43100340114 /* Login */ = {
			isa = PBXGroup;
			children = (
				F0BC912E299A6E7600340114 /* Controller */,
				F0BC912D299A6E6D00340114 /* View */,
			);
			name = Login;
			sourceTree = "<group>";
		};
		F0BC912D299A6E6D00340114 /* View */ = {
			isa = PBXGroup;
			children = (
				F0BC912B2997B45900340114 /* LoginView.swift */,
			);
			name = View;
			sourceTree = "<group>";
		};
		F0BC912E299A6E7600340114 /* Controller */ = {
			isa = PBXGroup;
			children = (
				F0BC91182997ACD800340114 /* LoginViewController.swift */,
				F07ED322299D26D2001AA57C /* DummyVC.swift */,
			);
			name = Controller;
			sourceTree = "<group>";
		};
		F0BC912F299A6F9800340114 /* Onboarding */ = {
			isa = PBXGroup;
			children = (
				F0BC9130299A6FC500340114 /* OnboardingContainerVC.swift */,
				F0BC9132299BA97900340114 /* OnboardingVC.swift */,
			);
			name = Onboarding;
			sourceTree = "<group>";
		};
/* End PBXGroup section */

/* Begin PBXNativeTarget section */
		F0BC91102997ACD800340114 /* Bankey */ = {
			isa = PBXNativeTarget;
			buildConfigurationList = F0BC91252997ACD900340114 /* Build configuration list for PBXNativeTarget "Bankey" */;
			buildPhases = (
				F0BC910D2997ACD800340114 /* Sources */,
				F0BC910E2997ACD800340114 /* Frameworks */,
				F0BC910F2997ACD800340114 /* Resources */,
			);
			buildRules = (
			);
			dependencies = (
			);
			name = Bankey;
			productName = Bankey;
			productReference = F0BC91112997ACD800340114 /* Bankey.app */;
			productType = "com.apple.product-type.application";
		};
/* End PBXNativeTarget section */

/* Begin PBXProject section */
		F0BC91092997ACD800340114 /* Project object */ = {
			isa = PBXProject;
			attributes = {
				BuildIndependentTargetsInParallel = 1;
				LastSwiftUpdateCheck = 1400;
				LastUpgradeCheck = 1400;
				TargetAttributes = {
					F0BC91102997ACD800340114 = {
						CreatedOnToolsVersion = 14.0.1;
					};
				};
			};
			buildConfigurationList = F0BC910C2997ACD800340114 /* Build configuration list for PBXProject "Bankey" */;
			compatibilityVersion = "Xcode 14.0";
			developmentRegion = en;
			hasScannedForEncodings = 0;
			knownRegions = (
				en,
				Base,
			);
			mainGroup = F0BC91082997ACD800340114;
			productRefGroup = F0BC91122997ACD800340114 /* Products */;
			projectDirPath = "";
			projectRoot = "";
			targets = (
				F0BC91102997ACD800340114 /* Bankey */,
			);
		};
/* End PBXProject section */

/* Begin PBXResourcesBuildPhase section */
		F0BC910F2997ACD800340114 /* Resources */ = {
			isa = PBXResourcesBuildPhase;
			buildActionMask = 2147483647;
			files = (
				F087ADBA29A3B84400A22643 /* AccountSummaryHeaderView.xib in Resources */,
				F0BC91212997ACD900340114 /* LaunchScreen.storyboard in Resources */,
				F0BC911E2997ACD900340114 /* Assets.xcassets in Resources */,
			);
			runOnlyForDeploymentPostprocessing = 0;
		};
/* End PBXResourcesBuildPhase section */

/* Begin PBXSourcesBuildPhase section */
		F0BC910D2997ACD800340114 /* Sources */ = {
			isa = PBXSourcesBuildPhase;
			buildActionMask = 2147483647;
			files = (
				F087ADAE29A3920B00A22643 /* UIViewController+Utils.swift in Sources */,
				F0BC912C2997B45900340114 /* LoginView.swift in Sources */,
				F02B6C8029A3771C0011EFF1 /* LocalState.swift in Sources */,
				F087ADB829A3B80C00A22643 /* AccountSummaryHeaderView.swift in Sources */,
				F07ED323299D26D2001AA57C /* DummyVC.swift in Sources */,
				F09699F429A7FBA100733E2F /* CurrencyFormatter.swift in Sources */,
				F09699F229A7FB6000733E2F /* DecimalUtils.swift in Sources */,
				F087ADB129A3938F00A22643 /* MainVC.swift in Sources */,
				F09699EE29A7A85800733E2F /* AccountSummaryCell.swift in Sources */,
				F0BC9131299A6FC500340114 /* OnboardingContainerVC.swift in Sources */,
				F0BC9133299BA97900340114 /* OnboardingVC.swift in Sources */,
				F0BC91192997ACD800340114 /* LoginViewController.swift in Sources */,
				F0BC91152997ACD800340114 /* AppDelegate.swift in Sources */,
				F087ADB429A3B2CE00A22643 /* AccountSummaryVC.swift in Sources */,
			);
			runOnlyForDeploymentPostprocessing = 0;
		};
/* End PBXSourcesBuildPhase section */

/* Begin PBXVariantGroup section */
		F0BC911F2997ACD900340114 /* LaunchScreen.storyboard */ = {
			isa = PBXVariantGroup;
			children = (
				F0BC91202997ACD900340114 /* Base */,
			);
			name = LaunchScreen.storyboard;
			sourceTree = "<group>";
		};
/* End PBXVariantGroup section */

/* Begin XCBuildConfiguration section */
		F0BC91232997ACD900340114 /* Debug */ = {
			isa = XCBuildConfiguration;
			buildSettings = {
				ALWAYS_SEARCH_USER_PATHS = NO;
				CLANG_ANALYZER_NONNULL = YES;
				CLANG_ANALYZER_NUMBER_OBJECT_CONVERSION = YES_AGGRESSIVE;
				CLANG_CXX_LANGUAGE_STANDARD = "gnu++20";
				CLANG_ENABLE_MODULES = YES;
				CLANG_ENABLE_OBJC_ARC = YES;
				CLANG_ENABLE_OBJC_WEAK = YES;
				CLANG_WARN_BLOCK_CAPTURE_AUTORELEASING = YES;
				CLANG_WARN_BOOL_CONVERSION = YES;
				CLANG_WARN_COMMA = YES;
				CLANG_WARN_CONSTANT_CONVERSION = YES;
				CLANG_WARN_DEPRECATED_OBJC_IMPLEMENTATIONS = YES;
				CLANG_WARN_DIRECT_OBJC_ISA_USAGE = YES_ERROR;
				CLANG_WARN_DOCUMENTATION_COMMENTS = YES;
				CLANG_WARN_EMPTY_BODY = YES;
				CLANG_WARN_ENUM_CONVERSION = YES;
				CLANG_WARN_INFINITE_RECURSION = YES;
				CLANG_WARN_INT_CONVERSION = YES;
				CLANG_WARN_NON_LITERAL_NULL_CONVERSION = YES;
				CLANG_WARN_OBJC_IMPLICIT_RETAIN_SELF = YES;
				CLANG_WARN_OBJC_LITERAL_CONVERSION = YES;
				CLANG_WARN_OBJC_ROOT_CLASS = YES_ERROR;
				CLANG_WARN_QUOTED_INCLUDE_IN_FRAMEWORK_HEADER = YES;
				CLANG_WARN_RANGE_LOOP_ANALYSIS = YES;
				CLANG_WARN_STRICT_PROTOTYPES = YES;
				CLANG_WARN_SUSPICIOUS_MOVE = YES;
				CLANG_WARN_UNGUARDED_AVAILABILITY = YES_AGGRESSIVE;
				CLANG_WARN_UNREACHABLE_CODE = YES;
				CLANG_WARN__DUPLICATE_METHOD_MATCH = YES;
				COPY_PHASE_STRIP = NO;
				DEBUG_INFORMATION_FORMAT = dwarf;
				ENABLE_STRICT_OBJC_MSGSEND = YES;
				ENABLE_TESTABILITY = YES;
				GCC_C_LANGUAGE_STANDARD = gnu11;
				GCC_DYNAMIC_NO_PIC = NO;
				GCC_NO_COMMON_BLOCKS = YES;
				GCC_OPTIMIZATION_LEVEL = 0;
				GCC_PREPROCESSOR_DEFINITIONS = (
					"DEBUG=1",
					"$(inherited)",
				);
				GCC_WARN_64_TO_32_BIT_CONVERSION = YES;
				GCC_WARN_ABOUT_RETURN_TYPE = YES_ERROR;
				GCC_WARN_UNDECLARED_SELECTOR = YES;
				GCC_WARN_UNINITIALIZED_AUTOS = YES_AGGRESSIVE;
				GCC_WARN_UNUSED_FUNCTION = YES;
				GCC_WARN_UNUSED_VARIABLE = YES;
				IPHONEOS_DEPLOYMENT_TARGET = 16.0;
				MTL_ENABLE_DEBUG_INFO = INCLUDE_SOURCE;
				MTL_FAST_MATH = YES;
				ONLY_ACTIVE_ARCH = YES;
				SDKROOT = iphoneos;
				SWIFT_ACTIVE_COMPILATION_CONDITIONS = DEBUG;
				SWIFT_OPTIMIZATION_LEVEL = "-Onone";
			};
			name = Debug;
		};
		F0BC91242997ACD900340114 /* Release */ = {
			isa = XCBuildConfiguration;
			buildSettings = {
				ALWAYS_SEARCH_USER_PATHS = NO;
				CLANG_ANALYZER_NONNULL = YES;
				CLANG_ANALYZER_NUMBER_OBJECT_CONVERSION = YES_AGGRESSIVE;
				CLANG_CXX_LANGUAGE_STANDARD = "gnu++20";
				CLANG_ENABLE_MODULES = YES;
				CLANG_ENABLE_OBJC_ARC = YES;
				CLANG_ENABLE_OBJC_WEAK = YES;
				CLANG_WARN_BLOCK_CAPTURE_AUTORELEASING = YES;
				CLANG_WARN_BOOL_CONVERSION = YES;
				CLANG_WARN_COMMA = YES;
				CLANG_WARN_CONSTANT_CONVERSION = YES;
				CLANG_WARN_DEPRECATED_OBJC_IMPLEMENTATIONS = YES;
				CLANG_WARN_DIRECT_OBJC_ISA_USAGE = YES_ERROR;
				CLANG_WARN_DOCUMENTATION_COMMENTS = YES;
				CLANG_WARN_EMPTY_BODY = YES;
				CLANG_WARN_ENUM_CONVERSION = YES;
				CLANG_WARN_INFINITE_RECURSION = YES;
				CLANG_WARN_INT_CONVERSION = YES;
				CLANG_WARN_NON_LITERAL_NULL_CONVERSION = YES;
				CLANG_WARN_OBJC_IMPLICIT_RETAIN_SELF = YES;
				CLANG_WARN_OBJC_LITERAL_CONVERSION = YES;
				CLANG_WARN_OBJC_ROOT_CLASS = YES_ERROR;
				CLANG_WARN_QUOTED_INCLUDE_IN_FRAMEWORK_HEADER = YES;
				CLANG_WARN_RANGE_LOOP_ANALYSIS = YES;
				CLANG_WARN_STRICT_PROTOTYPES = YES;
				CLANG_WARN_SUSPICIOUS_MOVE = YES;
				CLANG_WARN_UNGUARDED_AVAILABILITY = YES_AGGRESSIVE;
				CLANG_WARN_UNREACHABLE_CODE = YES;
				CLANG_WARN__DUPLICATE_METHOD_MATCH = YES;
				COPY_PHASE_STRIP = NO;
				DEBUG_INFORMATION_FORMAT = "dwarf-with-dsym";
				ENABLE_NS_ASSERTIONS = NO;
				ENABLE_STRICT_OBJC_MSGSEND = YES;
				GCC_C_LANGUAGE_STANDARD = gnu11;
				GCC_NO_COMMON_BLOCKS = YES;
				GCC_WARN_64_TO_32_BIT_CONVERSION = YES;
				GCC_WARN_ABOUT_RETURN_TYPE = YES_ERROR;
				GCC_WARN_UNDECLARED_SELECTOR = YES;
				GCC_WARN_UNINITIALIZED_AUTOS = YES_AGGRESSIVE;
				GCC_WARN_UNUSED_FUNCTION = YES;
				GCC_WARN_UNUSED_VARIABLE = YES;
				IPHONEOS_DEPLOYMENT_TARGET = 16.0;
				MTL_ENABLE_DEBUG_INFO = NO;
				MTL_FAST_MATH = YES;
				SDKROOT = iphoneos;
				SWIFT_COMPILATION_MODE = wholemodule;
				SWIFT_OPTIMIZATION_LEVEL = "-O";
				VALIDATE_PRODUCT = YES;
			};
			name = Release;
		};
		F0BC91262997ACD900340114 /* Debug */ = {
			isa = XCBuildConfiguration;
			buildSettings = {
				ASSETCATALOG_COMPILER_APPICON_NAME = AppIcon;
				ASSETCATALOG_COMPILER_GLOBAL_ACCENT_COLOR_NAME = AccentColor;
				CODE_SIGN_STYLE = Automatic;
				CURRENT_PROJECT_VERSION = 1;
				DEVELOPMENT_TEAM = 9733LH72T3;
				GENERATE_INFOPLIST_FILE = YES;
				INFOPLIST_FILE = Bankey/Info.plist;
				INFOPLIST_KEY_UIApplicationSupportsIndirectInputEvents = YES;
				INFOPLIST_KEY_UILaunchStoryboardName = LaunchScreen;
				INFOPLIST_KEY_UISupportedInterfaceOrientations = UIInterfaceOrientationPortrait;
				LD_RUNPATH_SEARCH_PATHS = (
					"$(inherited)",
					"@executable_path/Frameworks",
				);
				MARKETING_VERSION = 1.0;
				PRODUCT_BUNDLE_IDENTIFIER = com.berkay.Bankey;
				PRODUCT_NAME = "$(TARGET_NAME)";
				SWIFT_EMIT_LOC_STRINGS = YES;
				SWIFT_VERSION = 5.0;
				TARGETED_DEVICE_FAMILY = "1,2";
			};
			name = Debug;
		};
		F0BC91272997ACD900340114 /* Release */ = {
			isa = XCBuildConfiguration;
			buildSettings = {
				ASSETCATALOG_COMPILER_APPICON_NAME = AppIcon;
				ASSETCATALOG_COMPILER_GLOBAL_ACCENT_COLOR_NAME = AccentColor;
				CODE_SIGN_STYLE = Automatic;
				CURRENT_PROJECT_VERSION = 1;
				DEVELOPMENT_TEAM = 9733LH72T3;
				GENERATE_INFOPLIST_FILE = YES;
				INFOPLIST_FILE = Bankey/Info.plist;
				INFOPLIST_KEY_UIApplicationSupportsIndirectInputEvents = YES;
				INFOPLIST_KEY_UILaunchStoryboardName = LaunchScreen;
				INFOPLIST_KEY_UISupportedInterfaceOrientations = UIInterfaceOrientationPortrait;
				LD_RUNPATH_SEARCH_PATHS = (
					"$(inherited)",
					"@executable_path/Frameworks",
				);
				MARKETING_VERSION = 1.0;
				PRODUCT_BUNDLE_IDENTIFIER = com.berkay.Bankey;
				PRODUCT_NAME = "$(TARGET_NAME)";
				SWIFT_EMIT_LOC_STRINGS = YES;
				SWIFT_VERSION = 5.0;
				TARGETED_DEVICE_FAMILY = "1,2";
			};
			name = Release;
		};
/* End XCBuildConfiguration section */

/* Begin XCConfigurationList section */
		F0BC910C2997ACD800340114 /* Build configuration list for PBXProject "Bankey" */ = {
			isa = XCConfigurationList;
			buildConfigurations = (
				F0BC91232997ACD900340114 /* Debug */,
				F0BC91242997ACD900340114 /* Release */,
			);
			defaultConfigurationIsVisible = 0;
			defaultConfigurationName = Release;
		};
		F0BC91252997ACD900340114 /* Build configuration list for PBXNativeTarget "Bankey" */ = {
			isa = XCConfigurationList;
			buildConfigurations = (
				F0BC91262997ACD900340114 /* Debug */,
				F0BC91272997ACD900340114 /* Release */,
			);
			defaultConfigurationIsVisible = 0;
			defaultConfigurationName = Release;
		};
/* End XCConfigurationList section */
	};
	rootObject = F0BC91092997ACD800340114 /* Project object */;
}
